
Microsoft Visual Studio Solution File, Format Version 12.00
Project("{FAE04EC0-301F-11D3-BF4B-00C04F79EFBC}") = "DotGameLogic", "DotGameLogic\DotGameLogic.csproj", "{15596D1C-FCD8-4004-9B43-33E186767E6F}"
EndProject
Project("{FAE04EC0-301F-11D3-BF4B-00C04F79EFBC}") = "DotGameLogic_Test", "DotGameLogic_Test\DotGameLogic_Test.csproj", "{D3B20F2C-6066-4211-AEF6-60FC54DC9557}"
EndProject
Project("{FAE04EC0-301F-11D3-BF4B-00C04F79EFBC}") = "DotGameOrleans", "DotGameOrleans\DotGameOrleans.csproj", "{C077A68E-EC14-4B45-ABBB-EC4E9F7B45BB}"
EndProject
Project("{FAE04EC0-301F-11D3-BF4B-00C04F79EFBC}") = "DotGameGraphQL", "DotGameGraphQL\DotGameGraphQL.csproj", "{160E09A3-896F-498B-B5D5-094F3C6F717B}"
EndProject
Project("{2150E333-8FDC-42A3-9474-1A3956D46DE8}") = "Logic", "Logic", "{BA91F048-96DC-4412-AC0D-117B5751841C}"
EndProject
Global
	GlobalSection(SolutionConfigurationPlatforms) = preSolution
		Debug|Any CPU = Debug|Any CPU
		Release|Any CPU = Release|Any CPU
	EndGlobalSection
	GlobalSection(ProjectConfigurationPlatforms) = postSolution
		{15596D1C-FCD8-4004-9B43-33E186767E6F}.Debug|Any CPU.ActiveCfg = Debug|Any CPU
		{15596D1C-FCD8-4004-9B43-33E186767E6F}.Debug|Any CPU.Build.0 = Debug|Any CPU
		{15596D1C-FCD8-4004-9B43-33E186767E6F}.Release|Any CPU.ActiveCfg = Release|Any CPU
		{15596D1C-FCD8-4004-9B43-33E186767E6F}.Release|Any CPU.Build.0 = Release|Any CPU
		{D3B20F2C-6066-4211-AEF6-60FC54DC9557}.Debug|Any CPU.ActiveCfg = Debug|Any CPU
		{D3B20F2C-6066-4211-AEF6-60FC54DC9557}.Debug|Any CPU.Build.0 = Debug|Any CPU
		{D3B20F2C-6066-4211-AEF6-60FC54DC9557}.Release|Any CPU.ActiveCfg = Release|Any CPU
		{D3B20F2C-6066-4211-AEF6-60FC54DC9557}.Release|Any CPU.Build.0 = Release|Any CPU
		{C077A68E-EC14-4B45-ABBB-EC4E9F7B45BB}.Debug|Any CPU.ActiveCfg = Debug|Any CPU
		{C077A68E-EC14-4B45-ABBB-EC4E9F7B45BB}.Debug|Any CPU.Build.0 = Debug|Any CPU
		{C077A68E-EC14-4B45-ABBB-EC4E9F7B45BB}.Release|Any CPU.ActiveCfg = Release|Any CPU
		{C077A68E-EC14-4B45-ABBB-EC4E9F7B45BB}.Release|Any CPU.Build.0 = Release|Any CPU
		{160E09A3-896F-498B-B5D5-094F3C6F717B}.Debug|Any CPU.ActiveCfg = Debug|Any CPU
		{160E09A3-896F-498B-B5D5-094F3C6F717B}.Debug|Any CPU.Build.0 = Debug|Any CPU
		{160E09A3-896F-498B-B5D5-094F3C6F717B}.Release|Any CPU.ActiveCfg = Release|Any CPU
		{160E09A3-896F-498B-B5D5-094F3C6F717B}.Release|Any CPU.Build.0 = Release|Any CPU
	EndGlobalSection
	GlobalSection(NestedProjects) = preSolution
		{15596D1C-FCD8-4004-9B43-33E186767E6F} = {BA91F048-96DC-4412-AC0D-117B5751841C}
		{D3B20F2C-6066-4211-AEF6-60FC54DC9557} = {BA91F048-96DC-4412-AC0D-117B5751841C}
	EndGlobalSection
EndGlobal
