
Microsoft Visual Studio Solution File, Format Version 12.00
Project("{FAE04EC0-301F-11D3-BF4B-00C04F79EFBC}") = "DotGameLogic", "DotGameLogic\DotGameLogic.csproj", "{15596D1C-FCD8-4004-9B43-33E186767E6F}"
EndProject
Project("{FAE04EC0-301F-11D3-BF4B-00C04F79EFBC}") = "DotGameOrleans", "DotGameOrleans\DotGameOrleans.csproj", "{C077A68E-EC14-4B45-ABBB-EC4E9F7B45BB}"
EndProject
Project("{2150E333-8FDC-42A3-9474-1A3956D46DE8}") = "Logic", "Logic", "{BA91F048-96DC-4412-AC0D-117B5751841C}"
EndProject
Project("{2150E333-8FDC-42A3-9474-1A3956D46DE8}") = "Orleans", "Orleans", "{08194F43-8A11-406A-B866-43FC2533CD9B}"
EndProject
Project("{FAE04EC0-301F-11D3-BF4B-00C04F79EFBC}") = "RestfulAPI", "RestfulAPI\RestfulAPI.csproj", "{5714559B-C909-4121-8D67-826212817D4C}"
EndProject
Project("{FAE04EC0-301F-11D3-BF4B-00C04F79EFBC}") = "DotGameOrleans_Test", "DotGameOrleans_Test\DotGameOrleans_Test.csproj", "{E8EF40C6-E308-4065-B69F-7FF710D85C82}"
EndProject
Project("{FAE04EC0-301F-11D3-BF4B-00C04F79EFBC}") = "DotGameLogic_Test", "DotGameLogic_Test\DotGameLogic_Test.csproj", "{52E5435E-8BCE-4996-AD8B-0F2F88A25DB9}"
EndProject
Global
	GlobalSection(SolutionConfigurationPlatforms) = preSolution
		Debug|Any CPU = Debug|Any CPU
		Release|Any CPU = Release|Any CPU
	EndGlobalSection
	GlobalSection(ProjectConfigurationPlatforms) = postSolution
		{15596D1C-FCD8-4004-9B43-33E186767E6F}.Debug|Any CPU.ActiveCfg = Debug|Any CPU
		{15596D1C-FCD8-4004-9B43-33E186767E6F}.Debug|Any CPU.Build.0 = Debug|Any CPU
		{15596D1C-FCD8-4004-9B43-33E186767E6F}.Release|Any CPU.ActiveCfg = Release|Any CPU
		{15596D1C-FCD8-4004-9B43-33E186767E6F}.Release|Any CPU.Build.0 = Release|Any CPU
		{C077A68E-EC14-4B45-ABBB-EC4E9F7B45BB}.Debug|Any CPU.ActiveCfg = Debug|Any CPU
		{C077A68E-EC14-4B45-ABBB-EC4E9F7B45BB}.Debug|Any CPU.Build.0 = Debug|Any CPU
		{C077A68E-EC14-4B45-ABBB-EC4E9F7B45BB}.Release|Any CPU.ActiveCfg = Release|Any CPU
		{C077A68E-EC14-4B45-ABBB-EC4E9F7B45BB}.Release|Any CPU.Build.0 = Release|Any CPU
		{5714559B-C909-4121-8D67-826212817D4C}.Debug|Any CPU.ActiveCfg = Debug|Any CPU
		{5714559B-C909-4121-8D67-826212817D4C}.Debug|Any CPU.Build.0 = Debug|Any CPU
		{5714559B-C909-4121-8D67-826212817D4C}.Release|Any CPU.ActiveCfg = Release|Any CPU
		{5714559B-C909-4121-8D67-826212817D4C}.Release|Any CPU.Build.0 = Release|Any CPU
		{E8EF40C6-E308-4065-B69F-7FF710D85C82}.Debug|Any CPU.ActiveCfg = Debug|Any CPU
		{E8EF40C6-E308-4065-B69F-7FF710D85C82}.Debug|Any CPU.Build.0 = Debug|Any CPU
		{E8EF40C6-E308-4065-B69F-7FF710D85C82}.Release|Any CPU.ActiveCfg = Release|Any CPU
		{E8EF40C6-E308-4065-B69F-7FF710D85C82}.Release|Any CPU.Build.0 = Release|Any CPU
		{52E5435E-8BCE-4996-AD8B-0F2F88A25DB9}.Debug|Any CPU.ActiveCfg = Debug|Any CPU
		{52E5435E-8BCE-4996-AD8B-0F2F88A25DB9}.Debug|Any CPU.Build.0 = Debug|Any CPU
		{52E5435E-8BCE-4996-AD8B-0F2F88A25DB9}.Release|Any CPU.ActiveCfg = Release|Any CPU
		{52E5435E-8BCE-4996-AD8B-0F2F88A25DB9}.Release|Any CPU.Build.0 = Release|Any CPU
	EndGlobalSection
	GlobalSection(NestedProjects) = preSolution
		{15596D1C-FCD8-4004-9B43-33E186767E6F} = {BA91F048-96DC-4412-AC0D-117B5751841C}
		{C077A68E-EC14-4B45-ABBB-EC4E9F7B45BB} = {08194F43-8A11-406A-B866-43FC2533CD9B}
		{E8EF40C6-E308-4065-B69F-7FF710D85C82} = {08194F43-8A11-406A-B866-43FC2533CD9B}
		{52E5435E-8BCE-4996-AD8B-0F2F88A25DB9} = {BA91F048-96DC-4412-AC0D-117B5751841C}
	EndGlobalSection
EndGlobal
